<Solution>
  <Configurations>
    <Platform Name="Any CPU" />
    <Platform Name="x64" />
    <Platform Name="x86" />
  </Configurations>
  <Folder Name="/Source/">
    <Project Path="Source/PowerShell/PowerShell.csproj" />
    <Project Path="Source/ALCLoader/ALCLoader.csproj" />
  </Folder>
</Solution>
