
Microsoft Visual Studio Solution File, Format Version 12.00
# Visual Studio Version 17
VisualStudioVersion = 17.5.2.0
MinimumVisualStudioVersion = 10.0.40219.1
Project("{2150E333-8FDC-42A3-9474-1A3956D46DE8}") = "Source", "Source", "{B8EFCA5F-814F-285C-A8CB-F00F14650265}"
EndProject
Project("{FAE04EC0-301F-11D3-BF4B-00C04F79EFBC}") = "ExcelFast", "Source\ExcelFast\ExcelFast.csproj", "{5B1CB66B-83D9-548A-8275-9D7D117C7257}"
EndProject
Project("{FAE04EC0-301F-11D3-BF4B-00C04F79EFBC}") = "PowerShell", "Source\PowerShell\PowerShell.csproj", "{76345661-02C9-4ED2-ACE8-0FCBB4A15A46}"
EndProject
Global
	GlobalSection(SolutionConfigurationPlatforms) = preSolution
		Debug|Any CPU = Debug|Any CPU
		Debug|x64 = Debug|x64
		Debug|x86 = Debug|x86
		Release|Any CPU = Release|Any CPU
		Release|x64 = Release|x64
		Release|x86 = Release|x86
	EndGlobalSection
	GlobalSection(ProjectConfigurationPlatforms) = postSolution
		{5B1CB66B-83D9-548A-8275-9D7D117C7257}.Debug|Any CPU.ActiveCfg = Debug|Any CPU
		{5B1CB66B-83D9-548A-8275-9D7D117C7257}.Debug|Any CPU.Build.0 = Debug|Any CPU
		{5B1CB66B-83D9-548A-8275-9D7D117C7257}.Debug|x64.ActiveCfg = Debug|Any CPU
		{5B1CB66B-83D9-548A-8275-9D7D117C7257}.Debug|x64.Build.0 = Debug|Any CPU
		{5B1CB66B-83D9-548A-8275-9D7D117C7257}.Debug|x86.ActiveCfg = Debug|Any CPU
		{5B1CB66B-83D9-548A-8275-9D7D117C7257}.Debug|x86.Build.0 = Debug|Any CPU
		{5B1CB66B-83D9-548A-8275-9D7D117C7257}.Release|Any CPU.ActiveCfg = Release|Any CPU
		{5B1CB66B-83D9-548A-8275-9D7D117C7257}.Release|Any CPU.Build.0 = Release|Any CPU
		{5B1CB66B-83D9-548A-8275-9D7D117C7257}.Release|x64.ActiveCfg = Release|Any CPU
		{5B1CB66B-83D9-548A-8275-9D7D117C7257}.Release|x64.Build.0 = Release|Any CPU
		{5B1CB66B-83D9-548A-8275-9D7D117C7257}.Release|x86.ActiveCfg = Release|Any CPU
		{5B1CB66B-83D9-548A-8275-9D7D117C7257}.Release|x86.Build.0 = Release|Any CPU
		{76345661-02C9-4ED2-ACE8-0FCBB4A15A46}.Debug|Any CPU.ActiveCfg = Debug|Any CPU
		{76345661-02C9-4ED2-ACE8-0FCBB4A15A46}.Debug|Any CPU.Build.0 = Debug|Any CPU
		{76345661-02C9-4ED2-ACE8-0FCBB4A15A46}.Debug|x64.ActiveCfg = Debug|Any CPU
		{76345661-02C9-4ED2-ACE8-0FCBB4A15A46}.Debug|x64.Build.0 = Debug|Any CPU
		{76345661-02C9-4ED2-ACE8-0FCBB4A15A46}.Debug|x86.ActiveCfg = Debug|Any CPU
		{76345661-02C9-4ED2-ACE8-0FCBB4A15A46}.Debug|x86.Build.0 = Debug|Any CPU
		{76345661-02C9-4ED2-ACE8-0FCBB4A15A46}.Release|Any CPU.ActiveCfg = Release|Any CPU
		{76345661-02C9-4ED2-ACE8-0FCBB4A15A46}.Release|Any CPU.Build.0 = Release|Any CPU
		{76345661-02C9-4ED2-ACE8-0FCBB4A15A46}.Release|x64.ActiveCfg = Release|Any CPU
		{76345661-02C9-4ED2-ACE8-0FCBB4A15A46}.Release|x64.Build.0 = Release|Any CPU
		{76345661-02C9-4ED2-ACE8-0FCBB4A15A46}.Release|x86.ActiveCfg = Release|Any CPU
		{76345661-02C9-4ED2-ACE8-0FCBB4A15A46}.Release|x86.Build.0 = Release|Any CPU
	EndGlobalSection
	GlobalSection(SolutionProperties) = preSolution
		HideSolutionNode = FALSE
	EndGlobalSection
	GlobalSection(NestedProjects) = preSolution
		{5B1CB66B-83D9-548A-8275-9D7D117C7257} = {B8EFCA5F-814F-285C-A8CB-F00F14650265}
		{76345661-02C9-4ED2-ACE8-0FCBB4A15A46} = {B8EFCA5F-814F-285C-A8CB-F00F14650265}
	EndGlobalSection
	GlobalSection(ExtensibilityGlobals) = postSolution
		SolutionGuid = {CD7CFDC1-BA10-46B5-B4C2-B8EF47167684}
	EndGlobalSection
EndGlobal
